<?xml version="1.0" encoding="utf-8"?>
<Project ToolsVersion="4.0" xmlns="http://schemas.microsoft.com/developer/msbuild/2003">
  <ItemGroup>
    <Filter Include="Source Files">
      <UniqueIdentifier>{4FC737F1-C7A5-4376-A066-2A32D752A2FF}</UniqueIdentifier>
      <Extensions>cpp;c;cc;cxx;def;odl;idl;hpj;bat;asm;asmx</Extensions>
    </Filter>
    <Filter Include="Header Files">
      <UniqueIdentifier>{93995380-89BD-4b04-88EB-625FBE52EBFB}</UniqueIdentifier>
      <Extensions>h;hh;hpp;hxx;hm;inl;inc;xsd</Extensions>
    </Filter>
    <Filter Include="Resource Files">
      <UniqueIdentifier>{67DA6AB6-F800-4c08-8B7A-83BB121AAD01}</UniqueIdentifier>
      <Extensions>rc;ico;cur;bmp;dlg;rc2;rct;bin;rgs;gif;jpg;jpeg;jpe;resx;tiff;tif;png;wav;mfcribbon-ms</Extensions>
    </Filter>
    <Filter Include="Header Files\ModelComponents">
      <UniqueIdentifier>{167e9dc0-2882-47df-91a3-fdf423aa98e9}</UniqueIdentifier>
    </Filter>
    <Filter Include="Source Files\ModelComponents">
      <UniqueIdentifier>{f9b9b384-ff2b-4645-949a-7ba5a9564139}</UniqueIdentifier>
    </Filter>
    <Filter Include="tinyxml">
      <UniqueIdentifier>{062fc7fb-4156-4f83-8bcf-72ae16885a91}</UniqueIdentifier>
    </Filter>
    <Filter Include="Header Files\ModelComponents\SharedFolderNavigator">
      <UniqueIdentifier>{936c2dea-9ffa-487c-82d6-28177d153b87}</UniqueIdentifier>
    </Filter>
    <Filter Include="Source Files\ModelComponents\SharedFolderNavigator">
      <UniqueIdentifier>{beb5bf60-cc7b-4f90-a8de-89c32ed54c4e}</UniqueIdentifier>
    </Filter>
    <Filter Include="Header Files\MVC">
      <UniqueIdentifier>{f120ef3a-0747-4f71-b3fb-db4e0947ecc3}</UniqueIdentifier>
    </Filter>
    <Filter Include="Source Files\MVC">
      <UniqueIdentifier>{568db5e6-9573-4e20-9ae5-7cc026718f77}</UniqueIdentifier>
    </Filter>
  </ItemGroup>
  <ItemGroup>
    <ClCompile Include="FileShareMain.cpp">
      <Filter>Source Files</Filter>
    </ClCompile>
    <ClCompile Include="Stages.cpp">
      <Filter>Source Files</Filter>
    </ClCompile>
    <ClCompile Include="FileShareComponentTest.cpp">
      <Filter>Source Files</Filter>
    </ClCompile>
    <ClCompile Include="UserDataFileComponent.cpp">
      <Filter>Source Files\ModelComponents</Filter>
    </ClCompile>
    <ClCompile Include="..\tinyxml\tinystr.cpp">
      <Filter>tinyxml</Filter>
    </ClCompile>
    <ClCompile Include="..\tinyxml\tinyxml.cpp">
      <Filter>tinyxml</Filter>
    </ClCompile>
    <ClCompile Include="..\tinyxml\tinyxmlerror.cpp">
      <Filter>tinyxml</Filter>
    </ClCompile>
    <ClCompile Include="..\tinyxml\tinyxmlparser.cpp">
      <Filter>tinyxml</Filter>
    </ClCompile>
    <ClCompile Include="PresenceComponent.cpp">
      <Filter>Source Files\ModelComponents</Filter>
    </ClCompile>
    <ClCompile Include="MessengerComponent.cpp">
      <Filter>Source Files\ModelComponents</Filter>
    </ClCompile>
    <ClCompile Include="TcpSocketedEntity.cpp">
      <Filter>Source Files\ModelComponents</Filter>
    </ClCompile>
    <ClCompile Include="SharedFolderNavigatorComponent.cpp">
      <Filter>Source Files\ModelComponents\SharedFolderNavigator</Filter>
    </ClCompile>
    <ClCompile Include="SharedFolderNavigatorSelf.cpp">
      <Filter>Source Files\ModelComponents\SharedFolderNavigator</Filter>
    </ClCompile>
    <ClCompile Include="Logger.cpp">
      <Filter>Source Files</Filter>
    </ClCompile>
    <ClCompile Include="SharedFolderNavigatorOther.cpp">
      <Filter>Source Files\ModelComponents\SharedFolderNavigator</Filter>
    </ClCompile>
    <ClCompile Include="View.cpp">
      <Filter>Source Files\MVC</Filter>
    </ClCompile>
    <ClCompile Include="Controller.cpp">
      <Filter>Source Files\MVC</Filter>
    </ClCompile>
    <ClCompile Include="Model.cpp">
      <Filter>Source Files\MVC</Filter>
    </ClCompile>
  </ItemGroup>
  <ItemGroup>
    <ClInclude Include="Stages.h">
      <Filter>Header Files</Filter>
    </ClInclude>
    <ClInclude Include="CommandReinterpretation.h">
      <Filter>Header Files</Filter>
    </ClInclude>
    <ClInclude Include="MessengerComponent.h">
      <Filter>Header Files\ModelComponents</Filter>
    </ClInclude>
    <ClInclude Include="PresenceComponent.h">
      <Filter>Header Files\ModelComponents</Filter>
    </ClInclude>
    <ClInclude Include="UserDataFileComponent.h">
      <Filter>Header Files\ModelComponents</Filter>
    </ClInclude>
    <ClInclude Include="..\tinyxml\tinystr.h">
      <Filter>tinyxml</Filter>
    </ClInclude>
    <ClInclude Include="..\tinyxml\tinyxml.h">
      <Filter>tinyxml</Filter>
    </ClInclude>
    <ClInclude Include="Logger.h">
      <Filter>Header Files</Filter>
    </ClInclude>
    <ClInclude Include="TcpSocketedEntity.h">
      <Filter>Header Files\ModelComponents</Filter>
    </ClInclude>
    <ClInclude Include="SharedFolderNavigatorComponent.h">
      <Filter>Header Files\ModelComponents\SharedFolderNavigator</Filter>
    </ClInclude>
    <ClInclude Include="SharedFolderNavigatorOther.h">
      <Filter>Header Files\ModelComponents\SharedFolderNavigator</Filter>
    </ClInclude>
    <ClInclude Include="BasicSharedFolderNavigator.h">
      <Filter>Header Files\ModelComponents\SharedFolderNavigator</Filter>
    </ClInclude>
    <ClInclude Include="SharedFolderNavigatorSelf.h">
      <Filter>Header Files\ModelComponents\SharedFolderNavigator</Filter>
    </ClInclude>
    <ClInclude Include="Model.h">
      <Filter>Header Files\MVC</Filter>
    </ClInclude>
    <ClInclude Include="View.h">
      <Filter>Header Files\MVC</Filter>
    </ClInclude>
    <ClInclude Include="Controller.h">
      <Filter>Header Files\MVC</Filter>
    </ClInclude>
  </ItemGroup>
  <ItemGroup>
    <Text Include="note.txt">
      <Filter>Resource Files</Filter>
    </Text>
  </ItemGroup>
  <ItemGroup>
    <Xml Include="..\Debug\UDF.xml" />
  </ItemGroup>
  <ItemGroup>
    <None Include="dGram.cd" />
  </ItemGroup>
</Project>